{
  "requires": true,
  "lockfileVersion": 1,
  "dependencies": {
    "pulltorefreshjs": {
      "version": "0.1.22",
      "resolved": "https://registry.npmjs.org/pulltorefreshjs/-/pulltorefreshjs-0.1.22.tgz",
      "integrity": "sha512-haxNVEHnS4NCQA7NeG7TSV69z4uqy/N7nfPRuc4dPWe8H6ygUrMjdNeohE+6v0lVVX/ukSjbLYwPUGUYtFKfvQ==",
      "dev": true
    }
  }
}
